
Microsoft Visual Studio Solution File, Format Version 12.00
# Visual Studio Version 17
VisualStudioVersion = 17.13.35931.197 d17.13
MinimumVisualStudioVersion = 10.0.40219.1
Project("{FAE04EC0-301F-11D3-BF4B-00C04F79EFBC}") = "bai3", "bai3\bai3.csproj", "{05FDB4FA-7492-46F4-80CA-8D308B35C593}"
EndProject
Global
	GlobalSection(SolutionConfigurationPlatforms) = preSolution
		Debug|Any CPU = Debug|Any CPU
		Release|Any CPU = Release|Any CPU
	EndGlobalSection
	GlobalSection(ProjectConfigurationPlatforms) = postSolution
		{05FDB4FA-7492-46F4-80CA-8D308B35C593}.Debug|Any CPU.ActiveCfg = Debug|Any CPU
		{05FDB4FA-7492-46F4-80CA-8D308B35C593}.Debug|Any CPU.Build.0 = Debug|Any CPU
		{05FDB4FA-7492-46F4-80CA-8D308B35C593}.Release|Any CPU.ActiveCfg = Release|Any CPU
		{05FDB4FA-7492-46F4-80CA-8D308B35C593}.Release|Any CPU.Build.0 = Release|Any CPU
	EndGlobalSection
	GlobalSection(SolutionProperties) = preSolution
		HideSolutionNode = FALSE
	EndGlobalSection
	GlobalSection(ExtensibilityGlobals) = postSolution
		SolutionGuid = {C753A851-C32C-4C4D-9264-1CE879546930}
	EndGlobalSection
EndGlobal
