
Microsoft Visual Studio Solution File, Format Version 12.00
# Visual Studio Version 17
VisualStudioVersion = 17.13.35931.197 d17.13
MinimumVisualStudioVersion = 10.0.40219.1
Project("{FAE04EC0-301F-11D3-BF4B-00C04F79EFBC}") = "Bai4.5TH2", "Bai4.5TH2\Bai4.5TH2.csproj", "{1C4D1BF3-EC10-430B-AE57-EB0285E0152A}"
EndProject
Global
	GlobalSection(SolutionConfigurationPlatforms) = preSolution
		Debug|Any CPU = Debug|Any CPU
		Release|Any CPU = Release|Any CPU
	EndGlobalSection
	GlobalSection(ProjectConfigurationPlatforms) = postSolution
		{1C4D1BF3-EC10-430B-AE57-EB0285E0152A}.Debug|Any CPU.ActiveCfg = Debug|Any CPU
		{1C4D1BF3-EC10-430B-AE57-EB0285E0152A}.Debug|Any CPU.Build.0 = Debug|Any CPU
		{1C4D1BF3-EC10-430B-AE57-EB0285E0152A}.Release|Any CPU.ActiveCfg = Release|Any CPU
		{1C4D1BF3-EC10-430B-AE57-EB0285E0152A}.Release|Any CPU.Build.0 = Release|Any CPU
	EndGlobalSection
	GlobalSection(SolutionProperties) = preSolution
		HideSolutionNode = FALSE
	EndGlobalSection
	GlobalSection(ExtensibilityGlobals) = postSolution
		SolutionGuid = {48FD9E35-B371-499A-8B74-00DE29D4104B}
	EndGlobalSection
EndGlobal
