
Microsoft Visual Studio Solution File, Format Version 12.00
# Visual Studio Version 17
VisualStudioVersion = 17.13.35931.197 d17.13
MinimumVisualStudioVersion = 10.0.40219.1
Project("{FAE04EC0-301F-11D3-BF4B-00C04F79EFBC}") = "Bai4.6TH2", "Bai4.6TH2\Bai4.6TH2.csproj", "{5F6DEE15-E98F-46CE-8951-21BCD4A04AE6}"
EndProject
Global
	GlobalSection(SolutionConfigurationPlatforms) = preSolution
		Debug|Any CPU = Debug|Any CPU
		Release|Any CPU = Release|Any CPU
	EndGlobalSection
	GlobalSection(ProjectConfigurationPlatforms) = postSolution
		{5F6DEE15-E98F-46CE-8951-21BCD4A04AE6}.Debug|Any CPU.ActiveCfg = Debug|Any CPU
		{5F6DEE15-E98F-46CE-8951-21BCD4A04AE6}.Debug|Any CPU.Build.0 = Debug|Any CPU
		{5F6DEE15-E98F-46CE-8951-21BCD4A04AE6}.Release|Any CPU.ActiveCfg = Release|Any CPU
		{5F6DEE15-E98F-46CE-8951-21BCD4A04AE6}.Release|Any CPU.Build.0 = Release|Any CPU
	EndGlobalSection
	GlobalSection(SolutionProperties) = preSolution
		HideSolutionNode = FALSE
	EndGlobalSection
	GlobalSection(ExtensibilityGlobals) = postSolution
		SolutionGuid = {493C6020-980B-4DAF-8384-FF56EA914AC3}
	EndGlobalSection
EndGlobal
