
Microsoft Visual Studio Solution File, Format Version 12.00
# Visual Studio Version 17
VisualStudioVersion = 17.13.35931.197 d17.13
MinimumVisualStudioVersion = 10.0.40219.1
Project("{FAE04EC0-301F-11D3-BF4B-00C04F79EFBC}") = "Bai 9", "Bai 9\Bai 9.csproj", "{4D961588-8102-4CF6-A1EB-DAE7A1283C31}"
EndProject
Global
	GlobalSection(SolutionConfigurationPlatforms) = preSolution
		Debug|Any CPU = Debug|Any CPU
		Release|Any CPU = Release|Any CPU
	EndGlobalSection
	GlobalSection(ProjectConfigurationPlatforms) = postSolution
		{4D961588-8102-4CF6-A1EB-DAE7A1283C31}.Debug|Any CPU.ActiveCfg = Debug|Any CPU
		{4D961588-8102-4CF6-A1EB-DAE7A1283C31}.Debug|Any CPU.Build.0 = Debug|Any CPU
		{4D961588-8102-4CF6-A1EB-DAE7A1283C31}.Release|Any CPU.ActiveCfg = Release|Any CPU
		{4D961588-8102-4CF6-A1EB-DAE7A1283C31}.Release|Any CPU.Build.0 = Release|Any CPU
	EndGlobalSection
	GlobalSection(SolutionProperties) = preSolution
		HideSolutionNode = FALSE
	EndGlobalSection
	GlobalSection(ExtensibilityGlobals) = postSolution
		SolutionGuid = {7648856F-BD07-47E5-92D3-61DDD6948849}
	EndGlobalSection
EndGlobal
