
Microsoft Visual Studio Solution File, Format Version 12.00
# Visual Studio Version 17
VisualStudioVersion = 17.13.35931.197 d17.13
MinimumVisualStudioVersion = 10.0.40219.1
Project("{FAE04EC0-301F-11D3-BF4B-00C04F79EFBC}") = "Bai4.2TH2", "Bai4.2TH2\Bai4.2TH2.csproj", "{13A4E32D-F53F-43B3-90F3-7938309B1D82}"
EndProject
Global
	GlobalSection(SolutionConfigurationPlatforms) = preSolution
		Debug|Any CPU = Debug|Any CPU
		Release|Any CPU = Release|Any CPU
	EndGlobalSection
	GlobalSection(ProjectConfigurationPlatforms) = postSolution
		{13A4E32D-F53F-43B3-90F3-7938309B1D82}.Debug|Any CPU.ActiveCfg = Debug|Any CPU
		{13A4E32D-F53F-43B3-90F3-7938309B1D82}.Debug|Any CPU.Build.0 = Debug|Any CPU
		{13A4E32D-F53F-43B3-90F3-7938309B1D82}.Release|Any CPU.ActiveCfg = Release|Any CPU
		{13A4E32D-F53F-43B3-90F3-7938309B1D82}.Release|Any CPU.Build.0 = Release|Any CPU
	EndGlobalSection
	GlobalSection(SolutionProperties) = preSolution
		HideSolutionNode = FALSE
	EndGlobalSection
	GlobalSection(ExtensibilityGlobals) = postSolution
		SolutionGuid = {E1793B52-1015-49BB-A1FD-80A193050A7D}
	EndGlobalSection
EndGlobal
