
Microsoft Visual Studio Solution File, Format Version 12.00
# Visual Studio Version 17
VisualStudioVersion = 17.13.35931.197 d17.13
MinimumVisualStudioVersion = 10.0.40219.1
Project("{FAE04EC0-301F-11D3-BF4B-00C04F79EFBC}") = "Bai4.4TH2", "Bai4.4TH2\Bai4.4TH2.csproj", "{3B223A63-9563-4179-9F61-72998E9C0E4E}"
EndProject
Global
	GlobalSection(SolutionConfigurationPlatforms) = preSolution
		Debug|Any CPU = Debug|Any CPU
		Release|Any CPU = Release|Any CPU
	EndGlobalSection
	GlobalSection(ProjectConfigurationPlatforms) = postSolution
		{3B223A63-9563-4179-9F61-72998E9C0E4E}.Debug|Any CPU.ActiveCfg = Debug|Any CPU
		{3B223A63-9563-4179-9F61-72998E9C0E4E}.Debug|Any CPU.Build.0 = Debug|Any CPU
		{3B223A63-9563-4179-9F61-72998E9C0E4E}.Release|Any CPU.ActiveCfg = Release|Any CPU
		{3B223A63-9563-4179-9F61-72998E9C0E4E}.Release|Any CPU.Build.0 = Release|Any CPU
	EndGlobalSection
	GlobalSection(SolutionProperties) = preSolution
		HideSolutionNode = FALSE
	EndGlobalSection
	GlobalSection(ExtensibilityGlobals) = postSolution
		SolutionGuid = {B9CB2F59-A878-47E3-B5DE-8C9129F89BA3}
	EndGlobalSection
EndGlobal
