
Microsoft Visual Studio Solution File, Format Version 12.00
# Visual Studio Version 17
VisualStudioVersion = 17.14.36616.10 d17.14
MinimumVisualStudioVersion = 10.0.40219.1
Project("{FAE04EC0-301F-11D3-BF4B-00C04F79EFBC}") = "TH9", "TH9\TH9.csproj", "{BDD8AC2F-C3EF-42F4-9D1E-DF81EB11D808}"
EndProject
Global
	GlobalSection(SolutionConfigurationPlatforms) = preSolution
		Debug|Any CPU = Debug|Any CPU
		Release|Any CPU = Release|Any CPU
	EndGlobalSection
	GlobalSection(ProjectConfigurationPlatforms) = postSolution
		{BDD8AC2F-C3EF-42F4-9D1E-DF81EB11D808}.Debug|Any CPU.ActiveCfg = Debug|Any CPU
		{BDD8AC2F-C3EF-42F4-9D1E-DF81EB11D808}.Debug|Any CPU.Build.0 = Debug|Any CPU
		{BDD8AC2F-C3EF-42F4-9D1E-DF81EB11D808}.Release|Any CPU.ActiveCfg = Release|Any CPU
		{BDD8AC2F-C3EF-42F4-9D1E-DF81EB11D808}.Release|Any CPU.Build.0 = Release|Any CPU
	EndGlobalSection
	GlobalSection(SolutionProperties) = preSolution
		HideSolutionNode = FALSE
	EndGlobalSection
	GlobalSection(ExtensibilityGlobals) = postSolution
		SolutionGuid = {307140FD-AD13-4C86-A936-AF6A827C789E}
	EndGlobalSection
EndGlobal
